
Microsoft Visual Studio Solution File, Format Version 12.00
# Visual Studio 14
VisualStudioVersion = 14.0.23107.0
MinimumVisualStudioVersion = 10.0.40219.1
Project("{FAE04EC0-301F-11D3-BF4B-00C04F79EFBC}") = "Auto ANI", "Auto Attach\Auto ANI.csproj", "{63E6C5BE-301E-46F2-A7E8-848EA628B57B}"
EndProject
Global
	GlobalSection(SolutionConfigurationPlatforms) = preSolution
		Debug|Any CPU = Debug|Any CPU
		Debug|Mixed Platforms = Debug|Mixed Platforms
		Debug|x86 = Debug|x86
		Release|Any CPU = Release|Any CPU
		Release|Mixed Platforms = Release|Mixed Platforms
		Release|x86 = Release|x86
	EndGlobalSection
	GlobalSection(ProjectConfigurationPlatforms) = postSolution
		{63E6C5BE-301E-46F2-A7E8-848EA628B57B}.Debug|Any CPU.ActiveCfg = Debug|Any CPU
		{63E6C5BE-301E-46F2-A7E8-848EA628B57B}.Debug|Any CPU.Build.0 = Debug|Any CPU
		{63E6C5BE-301E-46F2-A7E8-848EA628B57B}.Debug|Mixed Platforms.ActiveCfg = Debug|Any CPU
		{63E6C5BE-301E-46F2-A7E8-848EA628B57B}.Debug|Mixed Platforms.Build.0 = Debug|Any CPU
		{63E6C5BE-301E-46F2-A7E8-848EA628B57B}.Debug|x86.ActiveCfg = Debug|Any CPU
		{63E6C5BE-301E-46F2-A7E8-848EA628B57B}.Release|Any CPU.ActiveCfg = Release|Any CPU
		{63E6C5BE-301E-46F2-A7E8-848EA628B57B}.Release|Any CPU.Build.0 = Release|Any CPU
		{63E6C5BE-301E-46F2-A7E8-848EA628B57B}.Release|Mixed Platforms.ActiveCfg = Release|Any CPU
		{63E6C5BE-301E-46F2-A7E8-848EA628B57B}.Release|Mixed Platforms.Build.0 = Release|Any CPU
		{63E6C5BE-301E-46F2-A7E8-848EA628B57B}.Release|x86.ActiveCfg = Release|Any CPU
	EndGlobalSection
	GlobalSection(SolutionProperties) = preSolution
		HideSolutionNode = FALSE
	EndGlobalSection
EndGlobal
